// !$*UTF8*$!
{
	archiveVersion = 1;
	classes = {
	};
	objectVersion = 50;
	objects = {

/* Begin PBXBuildFile section */
		AA58710B21AC8E9C005F1179 /* AppDelegate.m in Sources */ = {isa = PBXBuildFile; fileRef = AA58710A21AC8E9C005F1179 /* AppDelegate.m */; };
		AA58710E21AC8E9C005F1179 /* ViewController.m in Sources */ = {isa = PBXBuildFile; fileRef = AA58710D21AC8E9C005F1179 /* ViewController.m */; };
		AA58711121AC8E9C005F1179 /* Main.storyboard in Resources */ = {isa = PBXBuildFile; fileRef = AA58710F21AC8E9C005F1179 /* Main.storyboard */; };
		AA58711321AC8E9E005F1179 /* Assets.xcassets in Resources */ = {isa = PBXBuildFile; fileRef = AA58711221AC8E9E005F1179 /* Assets.xcassets */; };
		AA58711621AC8E9E005F1179 /* LaunchScreen.storyboard in Resources */ = {isa = PBXBuildFile; fileRef = AA58711421AC8E9E005F1179 /* LaunchScreen.storyboard */; };
		AA58711921AC8E9E005F1179 /* main.m in Sources */ = {isa = PBXBuildFile; fileRef = AA58711821AC8E9E005F1179 /* main.m */; };
		AA58712221AC9123005F1179 /* CoreFoundation.framework in Frameworks */ = {isa = PBXBuildFile; fileRef = AA58712121AC9123005F1179 /* CoreFoundation.framework */; };
		AA58712421AC9135005F1179 /* libMobileGestalt.tbd in Frameworks */ = {isa = PBXBuildFile; fileRef = AA58712321AC9135005F1179 /* libMobileGestalt.tbd */; };
/* End PBXBuildFile section */

/* Begin PBXFileReference section */
		AA58710621AC8E9C005F1179 /* GestaltDump.app */ = {isa = PBXFileReference; explicitFileType = wrapper.application; includeInIndex = 0; path = GestaltDump.app; sourceTree = BUILT_PRODUCTS_DIR; };
		AA58710921AC8E9C005F1179 /* AppDelegate.h */ = {isa = PBXFileReference; lastKnownFileType = sourcecode.c.h; path = AppDelegate.h; sourceTree = "<group>"; };
		AA58710A21AC8E9C005F1179 /* AppDelegate.m */ = {isa = PBXFileReference; lastKnownFileType = sourcecode.c.objc; path = AppDelegate.m; sourceTree = "<group>"; };
		AA58710C21AC8E9C005F1179 /* ViewController.h */ = {isa = PBXFileReference; lastKnownFileType = sourcecode.c.h; path = ViewController.h; sourceTree = "<group>"; };
		AA58710D21AC8E9C005F1179 /* ViewController.m */ = {isa = PBXFileReference; lastKnownFileType = sourcecode.c.objc; path = ViewController.m; sourceTree = "<group>"; };
		AA58711021AC8E9C005F1179 /* Base */ = {isa = PBXFileReference; lastKnownFileType = file.storyboard; name = Base; path = Base.lproj/Main.storyboard; sourceTree = "<group>"; };
		AA58711221AC8E9E005F1179 /* Assets.xcassets */ = {isa = PBXFileReference; lastKnownFileType = folder.assetcatalog; path = Assets.xcassets; sourceTree = "<group>"; };
		AA58711521AC8E9E005F1179 /* Base */ = {isa = PBXFileReference; lastKnownFileType = file.storyboard; name = Base; path = Base.lproj/LaunchScreen.storyboard; sourceTree = "<group>"; };
		AA58711721AC8E9E005F1179 /* Info.plist */ = {isa = PBXFileReference; lastKnownFileType = text.plist.xml; path = Info.plist; sourceTree = "<group>"; };
		AA58711821AC8E9E005F1179 /* main.m */ = {isa = PBXFileReference; lastKnownFileType = sourcecode.c.objc; path = main.m; sourceTree = "<group>"; };
		AA58712121AC9123005F1179 /* CoreFoundation.framework */ = {isa = PBXFileReference; lastKnownFileType = wrapper.framework; name = CoreFoundation.framework; path = System/Library/Frameworks/CoreFoundation.framework; sourceTree = SDKROOT; };
		AA58712321AC9135005F1179 /* libMobileGestalt.tbd */ = {isa = PBXFileReference; lastKnownFileType = "sourcecode.text-based-dylib-definition"; name = libMobileGestalt.tbd; path = usr/lib/libMobileGestalt.tbd; sourceTree = SDKROOT; };
		AA58712521AC9AA7005F1179 /* GestaltKeys.h */ = {isa = PBXFileReference; lastKnownFileType = sourcecode.c.h; path = GestaltKeys.h; sourceTree = "<group>"; };
		AA58712621AC9B5F005F1179 /* README.md */ = {isa = PBXFileReference; lastKnownFileType = net.daringfireball.markdown; path = README.md; sourceTree = "<group>"; };
/* End PBXFileReference section */

/* Begin PBXFrameworksBuildPhase section */
		AA58710321AC8E9C005F1179 /* Frameworks */ = {
			isa = PBXFrameworksBuildPhase;
			buildActionMask = 2147483647;
			files = (
				AA58712421AC9135005F1179 /* libMobileGestalt.tbd in Frameworks */,
				AA58712221AC9123005F1179 /* CoreFoundation.framework in Frameworks */,
			);
			runOnlyForDeploymentPostprocessing = 0;
		};
/* End PBXFrameworksBuildPhase section */

/* Begin PBXGroup section */
		AA5870FD21AC8E9C005F1179 = {
			isa = PBXGroup;
			children = (
				AA58712621AC9B5F005F1179 /* README.md */,
				AA58710821AC8E9C005F1179 /* GestaltDump */,
				AA58710721AC8E9C005F1179 /* Products */,
				AA58712021AC9123005F1179 /* Frameworks */,
			);
			sourceTree = "<group>";
		};
		AA58710721AC8E9C005F1179 /* Products */ = {
			isa = PBXGroup;
			children = (
				AA58710621AC8E9C005F1179 /* GestaltDump.app */,
			);
			name = Products;
			sourceTree = "<group>";
		};
		AA58710821AC8E9C005F1179 /* GestaltDump */ = {
			isa = PBXGroup;
			children = (
				AA58710921AC8E9C005F1179 /* AppDelegate.h */,
				AA58710A21AC8E9C005F1179 /* AppDelegate.m */,
				AA58710C21AC8E9C005F1179 /* ViewController.h */,
				AA58710D21AC8E9C005F1179 /* ViewController.m */,
				AA58712521AC9AA7005F1179 /* GestaltKeys.h */,
				AA58710F21AC8E9C005F1179 /* Main.storyboard */,
				AA58711221AC8E9E005F1179 /* Assets.xcassets */,
				AA58711421AC8E9E005F1179 /* LaunchScreen.storyboard */,
				AA58711721AC8E9E005F1179 /* Info.plist */,
				AA58711821AC8E9E005F1179 /* main.m */,
			);
			path = GestaltDump;
			sourceTree = "<group>";
		};
		AA58712021AC9123005F1179 /* Frameworks */ = {
			isa = PBXGroup;
			children = (
				AA58712321AC9135005F1179 /* libMobileGestalt.tbd */,
				AA58712121AC9123005F1179 /* CoreFoundation.framework */,
			);
			name = Frameworks;
			sourceTree = "<group>";
		};
/* End PBXGroup section */

/* Begin PBXNativeTarget section */
		AA58710521AC8E9C005F1179 /* GestaltDump */ = {
			isa = PBXNativeTarget;
			buildConfigurationList = AA58711C21AC8E9E005F1179 /* Build configuration list for PBXNativeTarget "GestaltDump" */;
			buildPhases = (
				AA58710221AC8E9C005F1179 /* Sources */,
				AA58710321AC8E9C005F1179 /* Frameworks */,
				AA58710421AC8E9C005F1179 /* Resources */,
			);
			buildRules = (
			);
			dependencies = (
			);
			name = GestaltDump;
			productName = GestaltDump;
			productReference = AA58710621AC8E9C005F1179 /* GestaltDump.app */;
			productType = "com.apple.product-type.application";
		};
/* End PBXNativeTarget section */

/* Begin PBXProject section */
		AA5870FE21AC8E9C005F1179 /* Project object */ = {
			isa = PBXProject;
			attributes = {
				LastUpgradeCheck = 1010;
				ORGANIZATIONNAME = "FutureTap GmbH";
				TargetAttributes = {
					AA58710521AC8E9C005F1179 = {
						CreatedOnToolsVersion = 10.1;
					};
				};
			};
			buildConfigurationList = AA58710121AC8E9C005F1179 /* Build configuration list for PBXProject "GestaltDump" */;
			compatibilityVersion = "Xcode 9.3";
			developmentRegion = en;
			hasScannedForEncodings = 0;
			knownRegions = (
				en,
				Base,
			);
			mainGroup = AA5870FD21AC8E9C005F1179;
			productRefGroup = AA58710721AC8E9C005F1179 /* Products */;
			projectDirPath = "";
			projectRoot = "";
			targets = (
				AA58710521AC8E9C005F1179 /* GestaltDump */,
			);
		};
/* End PBXProject section */

/* Begin PBXResourcesBuildPhase section */
		AA58710421AC8E9C005F1179 /* Resources */ = {
			isa = PBXResourcesBuildPhase;
			buildActionMask = 2147483647;
			files = (
				AA58711621AC8E9E005F1179 /* LaunchScreen.storyboard in Resources */,
				AA58711321AC8E9E005F1179 /* Assets.xcassets in Resources */,
				AA58711121AC8E9C005F1179 /* Main.storyboard in Resources */,
			);
			runOnlyForDeploymentPostprocessing = 0;
		};
/* End PBXResourcesBuildPhase section */

/* Begin PBXSourcesBuildPhase section */
		AA58710221AC8E9C005F1179 /* Sources */ = {
			isa = PBXSourcesBuildPhase;
			buildActionMask = 2147483647;
			files = (
				AA58710E21AC8E9C005F1179 /* ViewController.m in Sources */,
				AA58711921AC8E9E005F1179 /* main.m in Sources */,
				AA58710B21AC8E9C005F1179 /* AppDelegate.m in Sources */,
			);
			runOnlyForDeploymentPostprocessing = 0;
		};
/* End PBXSourcesBuildPhase section */

/* Begin PBXVariantGroup section */
		AA58710F21AC8E9C005F1179 /* Main.storyboard */ = {
			isa = PBXVariantGroup;
			children = (
				AA58711021AC8E9C005F1179 /* Base */,
			);
			name = Main.storyboard;
			sourceTree = "<group>";
		};
		AA58711421AC8E9E005F1179 /* LaunchScreen.storyboard */ = {
			isa = PBXVariantGroup;
			children = (
				AA58711521AC8E9E005F1179 /* Base */,
			);
			name = LaunchScreen.storyboard;
			sourceTree = "<group>";
		};
/* End PBXVariantGroup section */

/* Begin XCBuildConfiguration section */
		AA58711A21AC8E9E005F1179 /* Debug */ = {
			isa = XCBuildConfiguration;
			buildSettings = {
				ALWAYS_SEARCH_USER_PATHS = NO;
				CLANG_ANALYZER_NONNULL = YES;
				CLANG_ANALYZER_NUMBER_OBJECT_CONVERSION = YES_AGGRESSIVE;
				CLANG_CXX_LANGUAGE_STANDARD = "gnu++14";
				CLANG_CXX_LIBRARY = "libc++";
				CLANG_ENABLE_MODULES = YES;
				CLANG_ENABLE_OBJC_ARC = YES;
				CLANG_ENABLE_OBJC_WEAK = YES;
				CLANG_WARN_BLOCK_CAPTURE_AUTORELEASING = YES;
				CLANG_WARN_BOOL_CONVERSION = YES;
				CLANG_WARN_COMMA = YES;
				CLANG_WARN_CONSTANT_CONVERSION = YES;
				CLANG_WARN_DEPRECATED_OBJC_IMPLEMENTATIONS = YES;
				CLANG_WARN_DIRECT_OBJC_ISA_USAGE = YES_ERROR;
				CLANG_WARN_DOCUMENTATION_COMMENTS = YES;
				CLANG_WARN_EMPTY_BODY = YES;
				CLANG_WARN_ENUM_CONVERSION = YES;
				CLANG_WARN_INFINITE_RECURSION = YES;
				CLANG_WARN_INT_CONVERSION = YES;
				CLANG_WARN_NON_LITERAL_NULL_CONVERSION = YES;
				CLANG_WARN_OBJC_IMPLICIT_RETAIN_SELF = YES;
				CLANG_WARN_OBJC_LITERAL_CONVERSION = YES;
				CLANG_WARN_OBJC_ROOT_CLASS = YES_ERROR;
				CLANG_WARN_RANGE_LOOP_ANALYSIS = YES;
				CLANG_WARN_STRICT_PROTOTYPES = YES;
				CLANG_WARN_SUSPICIOUS_MOVE = YES;
				CLANG_WARN_UNGUARDED_AVAILABILITY = YES_AGGRESSIVE;
				CLANG_WARN_UNREACHABLE_CODE = YES;
				CLANG_WARN__DUPLICATE_METHOD_MATCH = YES;
				CODE_SIGN_IDENTITY = "iPhone Developer";
				COPY_PHASE_STRIP = NO;
				DEBUG_INFORMATION_FORMAT = dwarf;
				ENABLE_STRICT_OBJC_MSGSEND = YES;
				ENABLE_TESTABILITY = YES;
				GCC_C_LANGUAGE_STANDARD = gnu11;
				GCC_DYNAMIC_NO_PIC = NO;
				GCC_NO_COMMON_BLOCKS = YES;
				GCC_OPTIMIZATION_LEVEL = 0;
				GCC_PREPROCESSOR_DEFINITIONS = (
					"DEBUG=1",
					"$(inherited)",
				);
				GCC_WARN_64_TO_32_BIT_CONVERSION = YES;
				GCC_WARN_ABOUT_RETURN_TYPE = YES_ERROR;
				GCC_WARN_UNDECLARED_SELECTOR = YES;
				GCC_WARN_UNINITIALIZED_AUTOS = YES_AGGRESSIVE;
				GCC_WARN_UNUSED_FUNCTION = YES;
				GCC_WARN_UNUSED_VARIABLE = YES;
				IPHONEOS_DEPLOYMENT_TARGET = 12.1;
				MTL_ENABLE_DEBUG_INFO = INCLUDE_SOURCE;
				MTL_FAST_MATH = YES;
				ONLY_ACTIVE_ARCH = YES;
				SDKROOT = iphoneos;
			};
			name = Debug;
		};
		AA58711B21AC8E9E005F1179 /* Release */ = {
			isa = XCBuildConfiguration;
			buildSettings = {
				ALWAYS_SEARCH_USER_PATHS = NO;
				CLANG_ANALYZER_NONNULL = YES;
				CLANG_ANALYZER_NUMBER_OBJECT_CONVERSION = YES_AGGRESSIVE;
				CLANG_CXX_LANGUAGE_STANDARD = "gnu++14";
				CLANG_CXX_LIBRARY = "libc++";
				CLANG_ENABLE_MODULES = YES;
				CLANG_ENABLE_OBJC_ARC = YES;
				CLANG_ENABLE_OBJC_WEAK = YES;
				CLANG_WARN_BLOCK_CAPTURE_AUTORELEASING = YES;
				CLANG_WARN_BOOL_CONVERSION = YES;
				CLANG_WARN_COMMA = YES;
				CLANG_WARN_CONSTANT_CONVERSION = YES;
				CLANG_WARN_DEPRECATED_OBJC_IMPLEMENTATIONS = YES;
				CLANG_WARN_DIRECT_OBJC_ISA_USAGE = YES_ERROR;
				CLANG_WARN_DOCUMENTATION_COMMENTS = YES;
				CLANG_WARN_EMPTY_BODY = YES;
				CLANG_WARN_ENUM_CONVERSION = YES;
				CLANG_WARN_INFINITE_RECURSION = YES;
				CLANG_WARN_INT_CONVERSION = YES;
				CLANG_WARN_NON_LITERAL_NULL_CONVERSION = YES;
				CLANG_WARN_OBJC_IMPLICIT_RETAIN_SELF = YES;
				CLANG_WARN_OBJC_LITERAL_CONVERSION = YES;
				CLANG_WARN_OBJC_ROOT_CLASS = YES_ERROR;
				CLANG_WARN_RANGE_LOOP_ANALYSIS = YES;
				CLANG_WARN_STRICT_PROTOTYPES = YES;
				CLANG_WARN_SUSPICIOUS_MOVE = YES;
				CLANG_WARN_UNGUARDED_AVAILABILITY = YES_AGGRESSIVE;
				CLANG_WARN_UNREACHABLE_CODE = YES;
				CLANG_WARN__DUPLICATE_METHOD_MATCH = YES;
				CODE_SIGN_IDENTITY = "iPhone Developer";
				COPY_PHASE_STRIP = NO;
				DEBUG_INFORMATION_FORMAT = "dwarf-with-dsym";
				ENABLE_NS_ASSERTIONS = NO;
				ENABLE_STRICT_OBJC_MSGSEND = YES;
				GCC_C_LANGUAGE_STANDARD = gnu11;
				GCC_NO_COMMON_BLOCKS = YES;
				GCC_WARN_64_TO_32_BIT_CONVERSION = YES;
				GCC_WARN_ABOUT_RETURN_TYPE = YES_ERROR;
				GCC_WARN_UNDECLARED_SELECTOR = YES;
				GCC_WARN_UNINITIALIZED_AUTOS = YES_AGGRESSIVE;
				GCC_WARN_UNUSED_FUNCTION = YES;
				GCC_WARN_UNUSED_VARIABLE = YES;
				IPHONEOS_DEPLOYMENT_TARGET = 12.1;
				MTL_ENABLE_DEBUG_INFO = NO;
				MTL_FAST_MATH = YES;
				SDKROOT = iphoneos;
				VALIDATE_PRODUCT = YES;
			};
			name = Release;
		};
		AA58711D21AC8E9E005F1179 /* Debug */ = {
			isa = XCBuildConfiguration;
			buildSettings = {
				ASSETCATALOG_COMPILER_APPICON_NAME = AppIcon;
				CODE_SIGN_STYLE = Automatic;
				DEVELOPMENT_TEAM = "";
				INFOPLIST_FILE = GestaltDump/Info.plist;
				LD_RUNPATH_SEARCH_PATHS = (
					"$(inherited)",
					"@executable_path/Frameworks",
				);
				PRODUCT_BUNDLE_IDENTIFIER = com.futuretap.GestaltDump;
				PRODUCT_NAME = "$(TARGET_NAME)";
				TARGETED_DEVICE_FAMILY = "1,2";
			};
			name = Debug;
		};
		AA58711E21AC8E9E005F1179 /* Release */ = {
			isa = XCBuildConfiguration;
			buildSettings = {
				ASSETCATALOG_COMPILER_APPICON_NAME = AppIcon;
				CODE_SIGN_STYLE = Automatic;
				DEVELOPMENT_TEAM = "";
				INFOPLIST_FILE = GestaltDump/Info.plist;
				LD_RUNPATH_SEARCH_PATHS = (
					"$(inherited)",
					"@executable_path/Frameworks",
				);
				PRODUCT_BUNDLE_IDENTIFIER = com.futuretap.GestaltDump;
				PRODUCT_NAME = "$(TARGET_NAME)";
				TARGETED_DEVICE_FAMILY = "1,2";
			};
			name = Release;
		};
/* End XCBuildConfiguration section */

/* Begin XCConfigurationList section */
		AA58710121AC8E9C005F1179 /* Build configuration list for PBXProject "GestaltDump" */ = {
			isa = XCConfigurationList;
			buildConfigurations = (
				AA58711A21AC8E9E005F1179 /* Debug */,
				AA58711B21AC8E9E005F1179 /* Release */,
			);
			defaultConfigurationIsVisible = 0;
			defaultConfigurationName = Release;
		};
		AA58711C21AC8E9E005F1179 /* Build configuration list for PBXNativeTarget "GestaltDump" */ = {
			isa = XCConfigurationList;
			buildConfigurations = (
				AA58711D21AC8E9E005F1179 /* Debug */,
				AA58711E21AC8E9E005F1179 /* Release */,
			);
			defaultConfigurationIsVisible = 0;
			defaultConfigurationName = Release;
		};
/* End XCConfigurationList section */
	};
	rootObject = AA5870FE21AC8E9C005F1179 /* Project object */;
}
